
Microsoft Visual Studio Solution File, Format Version 12.00
Project("{FAE04EC0-301F-11D3-BF4B-00C04F79EFBC}") = "MovieRating.Core", "MovieRating.Core\MovieRating.Core.csproj", "{77FF3131-4F03-4A24-A46C-06278FE0D12E}"
EndProject
Project("{FAE04EC0-301F-11D3-BF4B-00C04F79EFBC}") = "MovieRating.Domain", "MovieRating.Domain\MovieRating.Domain.csproj", "{F2769C1A-EE56-4CFE-A507-2F29347EE974}"
EndProject
Global
	GlobalSection(SolutionConfigurationPlatforms) = preSolution
		Debug|Any CPU = Debug|Any CPU
		Release|Any CPU = Release|Any CPU
	EndGlobalSection
	GlobalSection(ProjectConfigurationPlatforms) = postSolution
		{77FF3131-4F03-4A24-A46C-06278FE0D12E}.Debug|Any CPU.ActiveCfg = Debug|Any CPU
		{77FF3131-4F03-4A24-A46C-06278FE0D12E}.Debug|Any CPU.Build.0 = Debug|Any CPU
		{77FF3131-4F03-4A24-A46C-06278FE0D12E}.Release|Any CPU.ActiveCfg = Release|Any CPU
		{77FF3131-4F03-4A24-A46C-06278FE0D12E}.Release|Any CPU.Build.0 = Release|Any CPU
		{F2769C1A-EE56-4CFE-A507-2F29347EE974}.Debug|Any CPU.ActiveCfg = Debug|Any CPU
		{F2769C1A-EE56-4CFE-A507-2F29347EE974}.Debug|Any CPU.Build.0 = Debug|Any CPU
		{F2769C1A-EE56-4CFE-A507-2F29347EE974}.Release|Any CPU.ActiveCfg = Release|Any CPU
		{F2769C1A-EE56-4CFE-A507-2F29347EE974}.Release|Any CPU.Build.0 = Release|Any CPU
	EndGlobalSection
EndGlobal
